// !$*UTF8*$!
{
	archiveVersion = 1;
	classes = {
	};
	objectVersion = 50;
	objects = {

/* Begin PBXBuildFile section */
		6E0DEDE0244B359300E2639F /* Utils.swift in Sources */ = {isa = PBXBuildFile; fileRef = 6E0DEDDF244B359300E2639F /* Utils.swift */; };
		6E0DEDE4244B832800E2639F /* BKashWebView.swift in Sources */ = {isa = PBXBuildFile; fileRef = 6E0DEDE3244B832800E2639F /* BKashWebView.swift */; };
		6E0DEDE6244B89D400E2639F /* BKashWebViewModal.swift in Sources */ = {isa = PBXBuildFile; fileRef = 6E0DEDE5244B89D400E2639F /* BKashWebViewModal.swift */; };
		6E0DEDE8244B8A6E00E2639F /* FosterWebView.swift in Sources */ = {isa = PBXBuildFile; fileRef = 6E0DEDE7244B8A6E00E2639F /* FosterWebView.swift */; };
		6E0DEDEC244B8B6500E2639F /* FosterWebViewModal.swift in Sources */ = {isa = PBXBuildFile; fileRef = 6E0DEDEB244B8B6500E2639F /* FosterWebViewModal.swift */; };
		6E10E2C22433270C0082F4C8 /* SupportViewModel.swift in Sources */ = {isa = PBXBuildFile; fileRef = 6E10E2C12433270C0082F4C8 /* SupportViewModel.swift */; };
		6E10E2C82433B6B60082F4C8 /* ProfileModels.swift in Sources */ = {isa = PBXBuildFile; fileRef = 6E10E2C72433B6B60082F4C8 /* ProfileModels.swift */; };
		6E10E2CC2433B8320082F4C8 /* ProfileViewModel.swift in Sources */ = {isa = PBXBuildFile; fileRef = 6E10E2CB2433B8320082F4C8 /* ProfileViewModel.swift */; };
		6E10E2CE243662130082F4C8 /* UITestView.swift in Sources */ = {isa = PBXBuildFile; fileRef = 6E10E2CD243662130082F4C8 /* UITestView.swift */; };
		6E186D5C243E747200AEA4F1 /* SupportTicketDetail.swift in Sources */ = {isa = PBXBuildFile; fileRef = 6E186D5B243E747200AEA4F1 /* SupportTicketDetail.swift */; };
		6E2B71E6244E8DDC00C79A0E /* MailView.swift in Sources */ = {isa = PBXBuildFile; fileRef = 6E2B71E5244E8DDC00C79A0E /* MailView.swift */; };
		6E308B8624725C6900484208 /* PGWViewModel.swift in Sources */ = {isa = PBXBuildFile; fileRef = 6E308B8524725C6900484208 /* PGWViewModel.swift */; };
		6E51D92724417ACD00C09D9F /* SupportTicketEntry.swift in Sources */ = {isa = PBXBuildFile; fileRef = 6E51D92624417ACD00C09D9F /* SupportTicketEntry.swift */; };
		6E56299224745D8F004E78D3 /* BkashPGW.swift in Sources */ = {isa = PBXBuildFile; fileRef = 6E56299124745D8F004E78D3 /* BkashPGW.swift */; };
		6E56299624746540004E78D3 /* FosterPGW.swift in Sources */ = {isa = PBXBuildFile; fileRef = 6E56299524746540004E78D3 /* FosterPGW.swift */; };
		6E56299824746927004E78D3 /* PGWView.swift in Sources */ = {isa = PBXBuildFile; fileRef = 6E56299724746927004E78D3 /* PGWView.swift */; };
		6E67D1B8243E1C83000B11FB /* SupportModels.swift in Sources */ = {isa = PBXBuildFile; fileRef = 6E67D1B7243E1C83000B11FB /* SupportModels.swift */; };
		6E67D1BC243E39AD000B11FB /* SupportTicketRow.swift in Sources */ = {isa = PBXBuildFile; fileRef = 6E67D1BB243E39AD000B11FB /* SupportTicketRow.swift */; };
		6E8C457A2429EAF000BC9276 /* Charts.framework in Frameworks */ = {isa = PBXBuildFile; fileRef = 6E8C45772429EAA800BC9276 /* Charts.framework */; };
		6E8C457B2429EAF000BC9276 /* Charts.framework in Embed Frameworks */ = {isa = PBXBuildFile; fileRef = 6E8C45772429EAA800BC9276 /* Charts.framework */; settings = {ATTRIBUTES = (CodeSignOnCopy, RemoveHeadersOnCopy, ); }; };
		6E8C457D242A142900BC9276 /* www in Resources */ = {isa = PBXBuildFile; fileRef = 6E8C457C242A142900BC9276 /* www */; };
		6EA2F9E92444B83400340EB0 /* InvoiceView.swift in Sources */ = {isa = PBXBuildFile; fileRef = 6EA2F9E82444B83400340EB0 /* InvoiceView.swift */; };
		6EA2F9EF2444B9D200340EB0 /* InvoiceDetailView.swift in Sources */ = {isa = PBXBuildFile; fileRef = 6EA2F9EE2444B9D200340EB0 /* InvoiceDetailView.swift */; };
		6EA2F9F12445193A00340EB0 /* PayHistView.swift in Sources */ = {isa = PBXBuildFile; fileRef = 6EA2F9F02445193A00340EB0 /* PayHistView.swift */; };
		6EDA00752447DFF5006BC870 /* AnyGestureRecognizer.swift in Sources */ = {isa = PBXBuildFile; fileRef = 6EDA00742447DFF5006BC870 /* AnyGestureRecognizer.swift */; };
		6EDA0079244A0294006BC870 /* Extensions.swift in Sources */ = {isa = PBXBuildFile; fileRef = 6EDA0078244A0294006BC870 /* Extensions.swift */; };
		6EE687902437DF2E00E7310C /* PackServiceRowView.swift in Sources */ = {isa = PBXBuildFile; fileRef = 6EE6878F2437DF2E00E7310C /* PackServiceRowView.swift */; };
		6EE687922437DFDA00E7310C /* PackageChangeView.swift in Sources */ = {isa = PBXBuildFile; fileRef = 6EE687912437DFDA00E7310C /* PackageChangeView.swift */; };
		FC4D286D242335AB005564C9 /* DashboardViewModel.swift in Sources */ = {isa = PBXBuildFile; fileRef = FC4D286C242335AB005564C9 /* DashboardViewModel.swift */; };
		FC4D286F24234013005564C9 /* DashboardModels.swift in Sources */ = {isa = PBXBuildFile; fileRef = FC4D286E24234013005564C9 /* DashboardModels.swift */; };
		FC4D2871242343A3005564C9 /* MainScreenViewModel.swift in Sources */ = {isa = PBXBuildFile; fileRef = FC4D2870242343A3005564C9 /* MainScreenViewModel.swift */; };
		FC4D28732423441A005564C9 /* MainScreenModels.swift in Sources */ = {isa = PBXBuildFile; fileRef = FC4D28722423441A005564C9 /* MainScreenModels.swift */; };
		FCEDE83924287A810034B3CB /* BillingModels.swift in Sources */ = {isa = PBXBuildFile; fileRef = FCEDE83824287A810034B3CB /* BillingModels.swift */; };
		FCEDE83B24288EF10034B3CB /* BillingViewModel.swift in Sources */ = {isa = PBXBuildFile; fileRef = FCEDE83A24288EF10034B3CB /* BillingViewModel.swift */; };
		FD1C34C823B9CA05003BFBFF /* PrivacyView.swift in Sources */ = {isa = PBXBuildFile; fileRef = FD1C34C523B9CA04003BFBFF /* PrivacyView.swift */; };
		FD1C34C923B9CA05003BFBFF /* ContactView.swift in Sources */ = {isa = PBXBuildFile; fileRef = FD1C34C623B9CA05003BFBFF /* ContactView.swift */; };
		FD1C34CA23B9CA05003BFBFF /* FaqsView.swift in Sources */ = {isa = PBXBuildFile; fileRef = FD1C34C723B9CA05003BFBFF /* FaqsView.swift */; };
		FD1C34CC23B9CB0E003BFBFF /* DefaultApiResponse.swift in Sources */ = {isa = PBXBuildFile; fileRef = FD1C34CB23B9CB0E003BFBFF /* DefaultApiResponse.swift */; };
		FD47C11723BB38B000C68793 /* MoreMenuViewModel.swift in Sources */ = {isa = PBXBuildFile; fileRef = FD47C11623BB38B000C68793 /* MoreMenuViewModel.swift */; };
		FD7E6C2623B220CC00BF5FB0 /* MainContainerView.swift in Sources */ = {isa = PBXBuildFile; fileRef = FD7E6C2523B220CC00BF5FB0 /* MainContainerView.swift */; };
		FD7E6C2823B2210700BF5FB0 /* UserData.swift in Sources */ = {isa = PBXBuildFile; fileRef = FD7E6C2723B2210700BF5FB0 /* UserData.swift */; };
		FD8CC98B23B1D74E001CDBD1 /* AppDelegate.swift in Sources */ = {isa = PBXBuildFile; fileRef = FD8CC98A23B1D74E001CDBD1 /* AppDelegate.swift */; };
		FD8CC98D23B1D74E001CDBD1 /* SceneDelegate.swift in Sources */ = {isa = PBXBuildFile; fileRef = FD8CC98C23B1D74E001CDBD1 /* SceneDelegate.swift */; };
		FD8CC99123B1D763001CDBD1 /* Assets.xcassets in Resources */ = {isa = PBXBuildFile; fileRef = FD8CC99023B1D763001CDBD1 /* Assets.xcassets */; };
		FD8CC99423B1D763001CDBD1 /* Preview Assets.xcassets in Resources */ = {isa = PBXBuildFile; fileRef = FD8CC99323B1D763001CDBD1 /* Preview Assets.xcassets */; };
		FD8CC99723B1D763001CDBD1 /* LaunchScreen.storyboard in Resources */ = {isa = PBXBuildFile; fileRef = FD8CC99523B1D763001CDBD1 /* LaunchScreen.storyboard */; };
		FD8CC9A223B1D765001CDBD1 /* PacENeT_iOSTests.swift in Sources */ = {isa = PBXBuildFile; fileRef = FD8CC9A123B1D765001CDBD1 /* PacENeT_iOSTests.swift */; };
		FD8CC9AD23B1D765001CDBD1 /* PacENeT_iOSUITests.swift in Sources */ = {isa = PBXBuildFile; fileRef = FD8CC9AC23B1D765001CDBD1 /* PacENeT_iOSUITests.swift */; };
		FD9362E223B4D42700C1A9CB /* LoginViewModel.swift in Sources */ = {isa = PBXBuildFile; fileRef = FD9362D623B4D42600C1A9CB /* LoginViewModel.swift */; };
		FD9362E323B4D42700C1A9CB /* SplashAndLoginContainer.swift in Sources */ = {isa = PBXBuildFile; fileRef = FD9362D723B4D42600C1A9CB /* SplashAndLoginContainer.swift */; };
		FD9362E423B4D42700C1A9CB /* SplashScreen.swift in Sources */ = {isa = PBXBuildFile; fileRef = FD9362D823B4D42600C1A9CB /* SplashScreen.swift */; };
		FD9362E523B4D42700C1A9CB /* SpinLoaderView.swift in Sources */ = {isa = PBXBuildFile; fileRef = FD9362D923B4D42600C1A9CB /* SpinLoaderView.swift */; };
		FD9362E723B4D42700C1A9CB /* LoginScreen.swift in Sources */ = {isa = PBXBuildFile; fileRef = FD9362DB23B4D42600C1A9CB /* LoginScreen.swift */; };
		FD9362E823B4D42700C1A9CB /* ColorValues.swift in Sources */ = {isa = PBXBuildFile; fileRef = FD9362DC23B4D42700C1A9CB /* ColorValues.swift */; };
		FD9362EB23B4D42700C1A9CB /* MainScreen.swift in Sources */ = {isa = PBXBuildFile; fileRef = FD9362DF23B4D42700C1A9CB /* MainScreen.swift */; };
		FD9362ED23B4D42700C1A9CB /* LoginResponseModels.swift in Sources */ = {isa = PBXBuildFile; fileRef = FD9362E123B4D42700C1A9CB /* LoginResponseModels.swift */; };
		FD9362EF23B4D45600C1A9CB /* NetworkApiService.swift in Sources */ = {isa = PBXBuildFile; fileRef = FD9362EE23B4D45600C1A9CB /* NetworkApiService.swift */; };
		FDB3BA4D23B8AF7B007B1552 /* Dashboard.swift in Sources */ = {isa = PBXBuildFile; fileRef = FDB3BA4C23B8AF7B007B1552 /* Dashboard.swift */; };
		FDB3BA4F23B8AFB7007B1552 /* Profile.swift in Sources */ = {isa = PBXBuildFile; fileRef = FDB3BA4E23B8AFB7007B1552 /* Profile.swift */; };
		FDB3BA5123B8B14C007B1552 /* Billing.swift in Sources */ = {isa = PBXBuildFile; fileRef = FDB3BA5023B8B14C007B1552 /* Billing.swift */; };
		FDB3BA5323B8B162007B1552 /* Support.swift in Sources */ = {isa = PBXBuildFile; fileRef = FDB3BA5223B8B162007B1552 /* Support.swift */; };
		FDB3BA5523B8B2AA007B1552 /* MoreMenu.swift in Sources */ = {isa = PBXBuildFile; fileRef = FDB3BA5423B8B2AA007B1552 /* MoreMenu.swift */; };
/* End PBXBuildFile section */

/* Begin PBXContainerItemProxy section */
		6E8C45762429EAA800BC9276 /* PBXContainerItemProxy */ = {
			isa = PBXContainerItemProxy;
			containerPortal = 6E8C45712429EAA800BC9276 /* Charts.xcodeproj */;
			proxyType = 2;
			remoteGlobalIDString = 65AD9E95D9ED4DC0BD73A743;
			remoteInfo = Charts;
		};
		6E8C45782429EAA800BC9276 /* PBXContainerItemProxy */ = {
			isa = PBXContainerItemProxy;
			containerPortal = 6E8C45712429EAA800BC9276 /* Charts.xcodeproj */;
			proxyType = 2;
			remoteGlobalIDString = 1CBBC58C6CE1EBEE9852CE41;
			remoteInfo = ChartsTests;
		};
		FD8CC99E23B1D765001CDBD1 /* PBXContainerItemProxy */ = {
			isa = PBXContainerItemProxy;
			containerPortal = FD8CC97F23B1D74E001CDBD1 /* Project object */;
			proxyType = 1;
			remoteGlobalIDString = FD8CC98623B1D74E001CDBD1;
			remoteInfo = "PacENeT iOS";
		};
		FD8CC9A923B1D765001CDBD1 /* PBXContainerItemProxy */ = {
			isa = PBXContainerItemProxy;
			containerPortal = FD8CC97F23B1D74E001CDBD1 /* Project object */;
			proxyType = 1;
			remoteGlobalIDString = FD8CC98623B1D74E001CDBD1;
			remoteInfo = "PacENeT iOS";
		};
/* End PBXContainerItemProxy section */

/* Begin PBXCopyFilesBuildPhase section */
		FCEDE8372427317C0034B3CB /* Embed Frameworks */ = {
			isa = PBXCopyFilesBuildPhase;
			buildActionMask = 12;
			dstPath = "";
			dstSubfolderSpec = 10;
			files = (
				6E8C457B2429EAF000BC9276 /* Charts.framework in Embed Frameworks */,
			);
			name = "Embed Frameworks";
			runOnlyForDeploymentPostprocessing = 0;
		};
/* End PBXCopyFilesBuildPhase section */

/* Begin PBXFileReference section */
		6E0DEDDF244B359300E2639F /* Utils.swift */ = {isa = PBXFileReference; lastKnownFileType = sourcecode.swift; path = Utils.swift; sourceTree = "<group>"; };
		6E0DEDE3244B832800E2639F /* BKashWebView.swift */ = {isa = PBXFileReference; lastKnownFileType = sourcecode.swift; path = BKashWebView.swift; sourceTree = "<group>"; };
		6E0DEDE5244B89D400E2639F /* BKashWebViewModal.swift */ = {isa = PBXFileReference; lastKnownFileType = sourcecode.swift; path = BKashWebViewModal.swift; sourceTree = "<group>"; };
		6E0DEDE7244B8A6E00E2639F /* FosterWebView.swift */ = {isa = PBXFileReference; lastKnownFileType = sourcecode.swift; path = FosterWebView.swift; sourceTree = "<group>"; };
		6E0DEDEB244B8B6500E2639F /* FosterWebViewModal.swift */ = {isa = PBXFileReference; lastKnownFileType = sourcecode.swift; path = FosterWebViewModal.swift; sourceTree = "<group>"; };
		6E10E2C12433270C0082F4C8 /* SupportViewModel.swift */ = {isa = PBXFileReference; lastKnownFileType = sourcecode.swift; path = SupportViewModel.swift; sourceTree = "<group>"; };
		6E10E2C72433B6B60082F4C8 /* ProfileModels.swift */ = {isa = PBXFileReference; lastKnownFileType = sourcecode.swift; path = ProfileModels.swift; sourceTree = "<group>"; };
		6E10E2CB2433B8320082F4C8 /* ProfileViewModel.swift */ = {isa = PBXFileReference; lastKnownFileType = sourcecode.swift; path = ProfileViewModel.swift; sourceTree = "<group>"; };
		6E10E2CD243662130082F4C8 /* UITestView.swift */ = {isa = PBXFileReference; lastKnownFileType = sourcecode.swift; path = UITestView.swift; sourceTree = "<group>"; };
		6E186D5B243E747200AEA4F1 /* SupportTicketDetail.swift */ = {isa = PBXFileReference; lastKnownFileType = sourcecode.swift; path = SupportTicketDetail.swift; sourceTree = "<group>"; };
		6E2B71E5244E8DDC00C79A0E /* MailView.swift */ = {isa = PBXFileReference; lastKnownFileType = sourcecode.swift; path = MailView.swift; sourceTree = "<group>"; };
		6E308B8524725C6900484208 /* PGWViewModel.swift */ = {isa = PBXFileReference; lastKnownFileType = sourcecode.swift; path = PGWViewModel.swift; sourceTree = "<group>"; };
		6E51D92624417ACD00C09D9F /* SupportTicketEntry.swift */ = {isa = PBXFileReference; lastKnownFileType = sourcecode.swift; path = SupportTicketEntry.swift; sourceTree = "<group>"; };
		6E56299124745D8F004E78D3 /* BkashPGW.swift */ = {isa = PBXFileReference; lastKnownFileType = sourcecode.swift; path = BkashPGW.swift; sourceTree = "<group>"; };
		6E56299524746540004E78D3 /* FosterPGW.swift */ = {isa = PBXFileReference; lastKnownFileType = sourcecode.swift; path = FosterPGW.swift; sourceTree = "<group>"; };
		6E56299724746927004E78D3 /* PGWView.swift */ = {isa = PBXFileReference; lastKnownFileType = sourcecode.swift; path = PGWView.swift; sourceTree = "<group>"; };
		6E67D1B7243E1C83000B11FB /* SupportModels.swift */ = {isa = PBXFileReference; lastKnownFileType = sourcecode.swift; path = SupportModels.swift; sourceTree = "<group>"; };
		6E67D1BB243E39AD000B11FB /* SupportTicketRow.swift */ = {isa = PBXFileReference; lastKnownFileType = sourcecode.swift; path = SupportTicketRow.swift; sourceTree = "<group>"; };
		6E8C45712429EAA800BC9276 /* Charts.xcodeproj */ = {isa = PBXFileReference; lastKnownFileType = "wrapper.pb-project"; name = Charts.xcodeproj; path = "../../Downloads/Charts-master/Charts.xcodeproj"; sourceTree = "<group>"; };
		6E8C457C242A142900BC9276 /* www */ = {isa = PBXFileReference; lastKnownFileType = folder; path = www; sourceTree = "<group>"; };
		6EA2F9E82444B83400340EB0 /* InvoiceView.swift */ = {isa = PBXFileReference; lastKnownFileType = sourcecode.swift; path = InvoiceView.swift; sourceTree = "<group>"; };
		6EA2F9EE2444B9D200340EB0 /* InvoiceDetailView.swift */ = {isa = PBXFileReference; lastKnownFileType = sourcecode.swift; path = InvoiceDetailView.swift; sourceTree = "<group>"; };
		6EA2F9F02445193A00340EB0 /* PayHistView.swift */ = {isa = PBXFileReference; lastKnownFileType = sourcecode.swift; path = PayHistView.swift; sourceTree = "<group>"; };
		6EDA00742447DFF5006BC870 /* AnyGestureRecognizer.swift */ = {isa = PBXFileReference; lastKnownFileType = sourcecode.swift; path = AnyGestureRecognizer.swift; sourceTree = "<group>"; };
		6EDA0078244A0294006BC870 /* Extensions.swift */ = {isa = PBXFileReference; lastKnownFileType = sourcecode.swift; path = Extensions.swift; sourceTree = "<group>"; };
		6EE6878F2437DF2E00E7310C /* PackServiceRowView.swift */ = {isa = PBXFileReference; lastKnownFileType = sourcecode.swift; path = PackServiceRowView.swift; sourceTree = "<group>"; };
		6EE687912437DFDA00E7310C /* PackageChangeView.swift */ = {isa = PBXFileReference; lastKnownFileType = sourcecode.swift; path = PackageChangeView.swift; sourceTree = "<group>"; };
		FC4D286C242335AB005564C9 /* DashboardViewModel.swift */ = {isa = PBXFileReference; lastKnownFileType = sourcecode.swift; path = DashboardViewModel.swift; sourceTree = "<group>"; };
		FC4D286E24234013005564C9 /* DashboardModels.swift */ = {isa = PBXFileReference; lastKnownFileType = sourcecode.swift; path = DashboardModels.swift; sourceTree = "<group>"; };
		FC4D2870242343A3005564C9 /* MainScreenViewModel.swift */ = {isa = PBXFileReference; lastKnownFileType = sourcecode.swift; path = MainScreenViewModel.swift; sourceTree = "<group>"; };
		FC4D28722423441A005564C9 /* MainScreenModels.swift */ = {isa = PBXFileReference; lastKnownFileType = sourcecode.swift; path = MainScreenModels.swift; sourceTree = "<group>"; };
		FCEDE83824287A810034B3CB /* BillingModels.swift */ = {isa = PBXFileReference; lastKnownFileType = sourcecode.swift; path = BillingModels.swift; sourceTree = "<group>"; };
		FCEDE83A24288EF10034B3CB /* BillingViewModel.swift */ = {isa = PBXFileReference; lastKnownFileType = sourcecode.swift; path = BillingViewModel.swift; sourceTree = "<group>"; };
		FD1C34C523B9CA04003BFBFF /* PrivacyView.swift */ = {isa = PBXFileReference; fileEncoding = 4; lastKnownFileType = sourcecode.swift; path = PrivacyView.swift; sourceTree = "<group>"; };
		FD1C34C623B9CA05003BFBFF /* ContactView.swift */ = {isa = PBXFileReference; fileEncoding = 4; lastKnownFileType = sourcecode.swift; path = ContactView.swift; sourceTree = "<group>"; };
		FD1C34C723B9CA05003BFBFF /* FaqsView.swift */ = {isa = PBXFileReference; fileEncoding = 4; lastKnownFileType = sourcecode.swift; path = FaqsView.swift; sourceTree = "<group>"; };
		FD1C34CB23B9CB0E003BFBFF /* DefaultApiResponse.swift */ = {isa = PBXFileReference; fileEncoding = 4; lastKnownFileType = sourcecode.swift; path = DefaultApiResponse.swift; sourceTree = "<group>"; };
		FD47C11623BB38B000C68793 /* MoreMenuViewModel.swift */ = {isa = PBXFileReference; lastKnownFileType = sourcecode.swift; path = MoreMenuViewModel.swift; sourceTree = "<group>"; };
		FD7E6C2523B220CC00BF5FB0 /* MainContainerView.swift */ = {isa = PBXFileReference; fileEncoding = 4; lastKnownFileType = sourcecode.swift; path = MainContainerView.swift; sourceTree = "<group>"; };
		FD7E6C2723B2210700BF5FB0 /* UserData.swift */ = {isa = PBXFileReference; fileEncoding = 4; lastKnownFileType = sourcecode.swift; path = UserData.swift; sourceTree = "<group>"; };
		FD8CC98723B1D74E001CDBD1 /* PacENeT.app */ = {isa = PBXFileReference; explicitFileType = wrapper.application; includeInIndex = 0; path = PacENeT.app; sourceTree = BUILT_PRODUCTS_DIR; };
		FD8CC98A23B1D74E001CDBD1 /* AppDelegate.swift */ = {isa = PBXFileReference; lastKnownFileType = sourcecode.swift; path = AppDelegate.swift; sourceTree = "<group>"; };
		FD8CC98C23B1D74E001CDBD1 /* SceneDelegate.swift */ = {isa = PBXFileReference; lastKnownFileType = sourcecode.swift; path = SceneDelegate.swift; sourceTree = "<group>"; };
		FD8CC99023B1D763001CDBD1 /* Assets.xcassets */ = {isa = PBXFileReference; lastKnownFileType = folder.assetcatalog; path = Assets.xcassets; sourceTree = "<group>"; };
		FD8CC99323B1D763001CDBD1 /* Preview Assets.xcassets */ = {isa = PBXFileReference; lastKnownFileType = folder.assetcatalog; path = "Preview Assets.xcassets"; sourceTree = "<group>"; };
		FD8CC99623B1D763001CDBD1 /* Base */ = {isa = PBXFileReference; lastKnownFileType = file.storyboard; name = Base; path = Base.lproj/LaunchScreen.storyboard; sourceTree = "<group>"; };
		FD8CC99823B1D763001CDBD1 /* Info.plist */ = {isa = PBXFileReference; lastKnownFileType = text.plist.xml; path = Info.plist; sourceTree = "<group>"; };
		FD8CC99D23B1D765001CDBD1 /* PacENeT iOSTests.xctest */ = {isa = PBXFileReference; explicitFileType = wrapper.cfbundle; includeInIndex = 0; path = "PacENeT iOSTests.xctest"; sourceTree = BUILT_PRODUCTS_DIR; };
		FD8CC9A123B1D765001CDBD1 /* PacENeT_iOSTests.swift */ = {isa = PBXFileReference; lastKnownFileType = sourcecode.swift; path = PacENeT_iOSTests.swift; sourceTree = "<group>"; };
		FD8CC9A323B1D765001CDBD1 /* Info.plist */ = {isa = PBXFileReference; lastKnownFileType = text.plist.xml; path = Info.plist; sourceTree = "<group>"; };
		FD8CC9A823B1D765001CDBD1 /* PacENeT iOSUITests.xctest */ = {isa = PBXFileReference; explicitFileType = wrapper.cfbundle; includeInIndex = 0; path = "PacENeT iOSUITests.xctest"; sourceTree = BUILT_PRODUCTS_DIR; };
		FD8CC9AC23B1D765001CDBD1 /* PacENeT_iOSUITests.swift */ = {isa = PBXFileReference; lastKnownFileType = sourcecode.swift; path = PacENeT_iOSUITests.swift; sourceTree = "<group>"; };
		FD8CC9AE23B1D765001CDBD1 /* Info.plist */ = {isa = PBXFileReference; lastKnownFileType = text.plist.xml; path = Info.plist; sourceTree = "<group>"; };
		FD9362D623B4D42600C1A9CB /* LoginViewModel.swift */ = {isa = PBXFileReference; fileEncoding = 4; lastKnownFileType = sourcecode.swift; path = LoginViewModel.swift; sourceTree = "<group>"; };
		FD9362D723B4D42600C1A9CB /* SplashAndLoginContainer.swift */ = {isa = PBXFileReference; fileEncoding = 4; lastKnownFileType = sourcecode.swift; path = SplashAndLoginContainer.swift; sourceTree = "<group>"; };
		FD9362D823B4D42600C1A9CB /* SplashScreen.swift */ = {isa = PBXFileReference; fileEncoding = 4; lastKnownFileType = sourcecode.swift; path = SplashScreen.swift; sourceTree = "<group>"; };
		FD9362D923B4D42600C1A9CB /* SpinLoaderView.swift */ = {isa = PBXFileReference; fileEncoding = 4; lastKnownFileType = sourcecode.swift; path = SpinLoaderView.swift; sourceTree = "<group>"; };
		FD9362DB23B4D42600C1A9CB /* LoginScreen.swift */ = {isa = PBXFileReference; fileEncoding = 4; lastKnownFileType = sourcecode.swift; path = LoginScreen.swift; sourceTree = "<group>"; };
		FD9362DC23B4D42700C1A9CB /* ColorValues.swift */ = {isa = PBXFileReference; fileEncoding = 4; lastKnownFileType = sourcecode.swift; path = ColorValues.swift; sourceTree = "<group>"; };
		FD9362DF23B4D42700C1A9CB /* MainScreen.swift */ = {isa = PBXFileReference; fileEncoding = 4; lastKnownFileType = sourcecode.swift; path = MainScreen.swift; sourceTree = "<group>"; };
		FD9362E123B4D42700C1A9CB /* LoginResponseModels.swift */ = {isa = PBXFileReference; fileEncoding = 4; lastKnownFileType = sourcecode.swift; path = LoginResponseModels.swift; sourceTree = "<group>"; };
		FD9362EE23B4D45600C1A9CB /* NetworkApiService.swift */ = {isa = PBXFileReference; fileEncoding = 4; lastKnownFileType = sourcecode.swift; path = NetworkApiService.swift; sourceTree = "<group>"; };
		FDB3BA4C23B8AF7B007B1552 /* Dashboard.swift */ = {isa = PBXFileReference; lastKnownFileType = sourcecode.swift; path = Dashboard.swift; sourceTree = "<group>"; };
		FDB3BA4E23B8AFB7007B1552 /* Profile.swift */ = {isa = PBXFileReference; lastKnownFileType = sourcecode.swift; path = Profile.swift; sourceTree = "<group>"; };
		FDB3BA5023B8B14C007B1552 /* Billing.swift */ = {isa = PBXFileReference; lastKnownFileType = sourcecode.swift; path = Billing.swift; sourceTree = "<group>"; };
		FDB3BA5223B8B162007B1552 /* Support.swift */ = {isa = PBXFileReference; lastKnownFileType = sourcecode.swift; path = Support.swift; sourceTree = "<group>"; };
		FDB3BA5423B8B2AA007B1552 /* MoreMenu.swift */ = {isa = PBXFileReference; lastKnownFileType = sourcecode.swift; path = MoreMenu.swift; sourceTree = "<group>"; };
/* End PBXFileReference section */

/* Begin PBXFrameworksBuildPhase section */
		FD8CC98423B1D74E001CDBD1 /* Frameworks */ = {
			isa = PBXFrameworksBuildPhase;
			buildActionMask = 2147483647;
			files = (
				6E8C457A2429EAF000BC9276 /* Charts.framework in Frameworks */,
			);
			runOnlyForDeploymentPostprocessing = 0;
		};
		FD8CC99A23B1D765001CDBD1 /* Frameworks */ = {
			isa = PBXFrameworksBuildPhase;
			buildActionMask = 2147483647;
			files = (
			);
			runOnlyForDeploymentPostprocessing = 0;
		};
		FD8CC9A523B1D765001CDBD1 /* Frameworks */ = {
			isa = PBXFrameworksBuildPhase;
			buildActionMask = 2147483647;
			files = (
			);
			runOnlyForDeploymentPostprocessing = 0;
		};
/* End PBXFrameworksBuildPhase section */

/* Begin PBXGroup section */
		6E0C8626246C1D3500C8BE1A /* Billing */ = {
			isa = PBXGroup;
			children = (
				FDB3BA5023B8B14C007B1552 /* Billing.swift */,
				FCEDE83824287A810034B3CB /* BillingModels.swift */,
				FCEDE83A24288EF10034B3CB /* BillingViewModel.swift */,
				6E0DEDE3244B832800E2639F /* BKashWebView.swift */,
				6E0DEDE5244B89D400E2639F /* BKashWebViewModal.swift */,
				6E0DEDE7244B8A6E00E2639F /* FosterWebView.swift */,
				6E0DEDEB244B8B6500E2639F /* FosterWebViewModal.swift */,
				6EA2F9E82444B83400340EB0 /* InvoiceView.swift */,
				6EA2F9EE2444B9D200340EB0 /* InvoiceDetailView.swift */,
				6EA2F9F02445193A00340EB0 /* PayHistView.swift */,
			);
			path = Billing;
			sourceTree = "<group>";
		};
		6E0C8629246C2F2C00C8BE1A /* Dashboard */ = {
			isa = PBXGroup;
			children = (
				FDB3BA4C23B8AF7B007B1552 /* Dashboard.swift */,
				FC4D286C242335AB005564C9 /* DashboardViewModel.swift */,
				FC4D286E24234013005564C9 /* DashboardModels.swift */,
			);
			path = Dashboard;
			sourceTree = "<group>";
		};
		6E0C862A246C2F6F00C8BE1A /* Login */ = {
			isa = PBXGroup;
			children = (
				FD1C34C623B9CA05003BFBFF /* ContactView.swift */,
				FD1C34C723B9CA05003BFBFF /* FaqsView.swift */,
				FD9362E123B4D42700C1A9CB /* LoginResponseModels.swift */,
				FD9362DB23B4D42600C1A9CB /* LoginScreen.swift */,
				FD9362D623B4D42600C1A9CB /* LoginViewModel.swift */,
				FD1C34C523B9CA04003BFBFF /* PrivacyView.swift */,
				6E2B71E5244E8DDC00C79A0E /* MailView.swift */,
			);
			path = Login;
			sourceTree = "<group>";
		};
		6E0C862B246C2FE200C8BE1A /* Profile */ = {
			isa = PBXGroup;
			children = (
				FDB3BA4E23B8AFB7007B1552 /* Profile.swift */,
				6E10E2C72433B6B60082F4C8 /* ProfileModels.swift */,
				6E10E2CB2433B8320082F4C8 /* ProfileViewModel.swift */,
				6EE6878F2437DF2E00E7310C /* PackServiceRowView.swift */,
				6EE687912437DFDA00E7310C /* PackageChangeView.swift */,
			);
			path = Profile;
			sourceTree = "<group>";
		};
		6E0C862C246C300700C8BE1A /* Support */ = {
			isa = PBXGroup;
			children = (
				FDB3BA5223B8B162007B1552 /* Support.swift */,
				6E10E2C12433270C0082F4C8 /* SupportViewModel.swift */,
				6E67D1B7243E1C83000B11FB /* SupportModels.swift */,
				6E67D1BB243E39AD000B11FB /* SupportTicketRow.swift */,
				6E51D92624417ACD00C09D9F /* SupportTicketEntry.swift */,
				6E186D5B243E747200AEA4F1 /* SupportTicketDetail.swift */,
			);
			path = Support;
			sourceTree = "<group>";
		};
		6E0C862D246C303000C8BE1A /* Main */ = {
			isa = PBXGroup;
			children = (
				FD9362D723B4D42600C1A9CB /* SplashAndLoginContainer.swift */,
				FD9362D823B4D42600C1A9CB /* SplashScreen.swift */,
				FD7E6C2523B220CC00BF5FB0 /* MainContainerView.swift */,
				FD9362DF23B4D42700C1A9CB /* MainScreen.swift */,
				FC4D2870242343A3005564C9 /* MainScreenViewModel.swift */,
				FC4D28722423441A005564C9 /* MainScreenModels.swift */,
			);
			path = Main;
			sourceTree = "<group>";
		};
		6E0C862E246C309400C8BE1A /* Utility */ = {
			isa = PBXGroup;
			children = (
				6EDA00742447DFF5006BC870 /* AnyGestureRecognizer.swift */,
				FD9362DC23B4D42700C1A9CB /* ColorValues.swift */,
				FD1C34CB23B9CB0E003BFBFF /* DefaultApiResponse.swift */,
				FD9362D923B4D42600C1A9CB /* SpinLoaderView.swift */,
				6E0DEDDF244B359300E2639F /* Utils.swift */,
				6EDA0078244A0294006BC870 /* Extensions.swift */,
			);
			path = Utility;
			sourceTree = "<group>";
		};
		6E0C862F246C311600C8BE1A /* MoreMenu */ = {
			isa = PBXGroup;
			children = (
				FDB3BA5423B8B2AA007B1552 /* MoreMenu.swift */,
				FD47C11623BB38B000C68793 /* MoreMenuViewModel.swift */,
			);
			path = MoreMenu;
			sourceTree = "<group>";
		};
		6E0C8630246C313E00C8BE1A /* Network */ = {
			isa = PBXGroup;
			children = (
				FD9362EE23B4D45600C1A9CB /* NetworkApiService.swift */,
			);
			path = Network;
			sourceTree = "<group>";
		};
		6E308B8224725BF100484208 /* PaymentGateway */ = {
			isa = PBXGroup;
			children = (
				6E308B8524725C6900484208 /* PGWViewModel.swift */,
				6E56299124745D8F004E78D3 /* BkashPGW.swift */,
				6E56299524746540004E78D3 /* FosterPGW.swift */,
				6E56299724746927004E78D3 /* PGWView.swift */,
			);
			path = PaymentGateway;
			sourceTree = "<group>";
		};
		6E8C45722429EAA800BC9276 /* Products */ = {
			isa = PBXGroup;
			children = (
				6E8C45772429EAA800BC9276 /* Charts.framework */,
				6E8C45792429EAA800BC9276 /* ChartsTests.xctest */,
			);
			name = Products;
			sourceTree = "<group>";
		};
		FC4D286A241E3A8A005564C9 /* Frameworks */ = {
			isa = PBXGroup;
			children = (
			);
			name = Frameworks;
			sourceTree = "<group>";
		};
		FD8CC97E23B1D74E001CDBD1 = {
			isa = PBXGroup;
			children = (
				6E8C45712429EAA800BC9276 /* Charts.xcodeproj */,
				FD8CC98923B1D74E001CDBD1 /* PacENeT iOS */,
				FD8CC9A023B1D765001CDBD1 /* PacENeT iOSTests */,
				FD8CC9AB23B1D765001CDBD1 /* PacENeT iOSUITests */,
				FD8CC98823B1D74E001CDBD1 /* Products */,
				FC4D286A241E3A8A005564C9 /* Frameworks */,
			);
			sourceTree = "<group>";
		};
		FD8CC98823B1D74E001CDBD1 /* Products */ = {
			isa = PBXGroup;
			children = (
				FD8CC98723B1D74E001CDBD1 /* PacENeT.app */,
				FD8CC99D23B1D765001CDBD1 /* PacENeT iOSTests.xctest */,
				FD8CC9A823B1D765001CDBD1 /* PacENeT iOSUITests.xctest */,
			);
			name = Products;
			sourceTree = "<group>";
		};
		FD8CC98923B1D74E001CDBD1 /* PacENeT iOS */ = {
			isa = PBXGroup;
			children = (
				6E8C457C242A142900BC9276 /* www */,
				FD8CC99823B1D763001CDBD1 /* Info.plist */,
				FD8CC98A23B1D74E001CDBD1 /* AppDelegate.swift */,
				FD8CC98C23B1D74E001CDBD1 /* SceneDelegate.swift */,
				6E10E2CD243662130082F4C8 /* UITestView.swift */,
				FD7E6C2723B2210700BF5FB0 /* UserData.swift */,
				FD8CC99023B1D763001CDBD1 /* Assets.xcassets */,
				FD8CC99523B1D763001CDBD1 /* LaunchScreen.storyboard */,
				6E0C8626246C1D3500C8BE1A /* Billing */,
				6E0C8629246C2F2C00C8BE1A /* Dashboard */,
				6E0C862A246C2F6F00C8BE1A /* Login */,
				6E0C862D246C303000C8BE1A /* Main */,
				6E0C862F246C311600C8BE1A /* MoreMenu */,
				6E0C8630246C313E00C8BE1A /* Network */,
				6E308B8224725BF100484208 /* PaymentGateway */,
				FD8CC99223B1D763001CDBD1 /* Preview Content */,
				6E0C862B246C2FE200C8BE1A /* Profile */,
				6E0C862C246C300700C8BE1A /* Support */,
				6E0C862E246C309400C8BE1A /* Utility */,
			);
			path = "PacENeT iOS";
			sourceTree = "<group>";
		};
		FD8CC99223B1D763001CDBD1 /* Preview Content */ = {
			isa = PBXGroup;
			children = (
				FD8CC99323B1D763001CDBD1 /* Preview Assets.xcassets */,
			);
			path = "Preview Content";
			sourceTree = "<group>";
		};
		FD8CC9A023B1D765001CDBD1 /* PacENeT iOSTests */ = {
			isa = PBXGroup;
			children = (
				FD8CC9A123B1D765001CDBD1 /* PacENeT_iOSTests.swift */,
				FD8CC9A323B1D765001CDBD1 /* Info.plist */,
			);
			path = "PacENeT iOSTests";
			sourceTree = "<group>";
		};
		FD8CC9AB23B1D765001CDBD1 /* PacENeT iOSUITests */ = {
			isa = PBXGroup;
			children = (
				FD8CC9AC23B1D765001CDBD1 /* PacENeT_iOSUITests.swift */,
				FD8CC9AE23B1D765001CDBD1 /* Info.plist */,
			);
			path = "PacENeT iOSUITests";
			sourceTree = "<group>";
		};
/* End PBXGroup section */

/* Begin PBXNativeTarget section */
		FD8CC98623B1D74E001CDBD1 /* PacENeT iOS */ = {
			isa = PBXNativeTarget;
			buildConfigurationList = FD8CC9B123B1D765001CDBD1 /* Build configuration list for PBXNativeTarget "PacENeT iOS" */;
			buildPhases = (
				FD8CC98323B1D74E001CDBD1 /* Sources */,
				FD8CC98423B1D74E001CDBD1 /* Frameworks */,
				FD8CC98523B1D74E001CDBD1 /* Resources */,
				FCEDE8372427317C0034B3CB /* Embed Frameworks */,
			);
			buildRules = (
			);
			dependencies = (
			);
			name = "PacENeT iOS";
			productName = "PacENeT iOS";
			productReference = FD8CC98723B1D74E001CDBD1 /* PacENeT.app */;
			productType = "com.apple.product-type.application";
		};
		FD8CC99C23B1D765001CDBD1 /* PacENeT iOSTests */ = {
			isa = PBXNativeTarget;
			buildConfigurationList = FD8CC9B423B1D765001CDBD1 /* Build configuration list for PBXNativeTarget "PacENeT iOSTests" */;
			buildPhases = (
				FD8CC99923B1D765001CDBD1 /* Sources */,
				FD8CC99A23B1D765001CDBD1 /* Frameworks */,
				FD8CC99B23B1D765001CDBD1 /* Resources */,
			);
			buildRules = (
			);
			dependencies = (
				FD8CC99F23B1D765001CDBD1 /* PBXTargetDependency */,
			);
			name = "PacENeT iOSTests";
			productName = "PacENeT iOSTests";
			productReference = FD8CC99D23B1D765001CDBD1 /* PacENeT iOSTests.xctest */;
			productType = "com.apple.product-type.bundle.unit-test";
		};
		FD8CC9A723B1D765001CDBD1 /* PacENeT iOSUITests */ = {
			isa = PBXNativeTarget;
			buildConfigurationList = FD8CC9B723B1D765001CDBD1 /* Build configuration list for PBXNativeTarget "PacENeT iOSUITests" */;
			buildPhases = (
				FD8CC9A423B1D765001CDBD1 /* Sources */,
				FD8CC9A523B1D765001CDBD1 /* Frameworks */,
				FD8CC9A623B1D765001CDBD1 /* Resources */,
			);
			buildRules = (
			);
			dependencies = (
				FD8CC9AA23B1D765001CDBD1 /* PBXTargetDependency */,
			);
			name = "PacENeT iOSUITests";
			productName = "PacENeT iOSUITests";
			productReference = FD8CC9A823B1D765001CDBD1 /* PacENeT iOSUITests.xctest */;
			productType = "com.apple.product-type.bundle.ui-testing";
		};
/* End PBXNativeTarget section */

/* Begin PBXProject section */
		FD8CC97F23B1D74E001CDBD1 /* Project object */ = {
			isa = PBXProject;
			attributes = {
				LastSwiftUpdateCheck = 1120;
				LastUpgradeCheck = 1120;
				ORGANIZATIONNAME = royalgreen;
				TargetAttributes = {
					FD8CC98623B1D74E001CDBD1 = {
						CreatedOnToolsVersion = 11.2.1;
					};
					FD8CC99C23B1D765001CDBD1 = {
						CreatedOnToolsVersion = 11.2.1;
						TestTargetID = FD8CC98623B1D74E001CDBD1;
					};
					FD8CC9A723B1D765001CDBD1 = {
						CreatedOnToolsVersion = 11.2.1;
						TestTargetID = FD8CC98623B1D74E001CDBD1;
					};
				};
			};
			buildConfigurationList = FD8CC98223B1D74E001CDBD1 /* Build configuration list for PBXProject "PacENeT iOS" */;
			compatibilityVersion = "Xcode 9.3";
			developmentRegion = en;
			hasScannedForEncodings = 0;
			knownRegions = (
				en,
				Base,
			);
			mainGroup = FD8CC97E23B1D74E001CDBD1;
			productRefGroup = FD8CC98823B1D74E001CDBD1 /* Products */;
			projectDirPath = "";
			projectReferences = (
				{
					ProductGroup = 6E8C45722429EAA800BC9276 /* Products */;
					ProjectRef = 6E8C45712429EAA800BC9276 /* Charts.xcodeproj */;
				},
			);
			projectRoot = "";
			targets = (
				FD8CC98623B1D74E001CDBD1 /* PacENeT iOS */,
				FD8CC99C23B1D765001CDBD1 /* PacENeT iOSTests */,
				FD8CC9A723B1D765001CDBD1 /* PacENeT iOSUITests */,
			);
		};
/* End PBXProject section */

/* Begin PBXReferenceProxy section */
		6E8C45772429EAA800BC9276 /* Charts.framework */ = {
			isa = PBXReferenceProxy;
			fileType = wrapper.framework;
			path = Charts.framework;
			remoteRef = 6E8C45762429EAA800BC9276 /* PBXContainerItemProxy */;
			sourceTree = BUILT_PRODUCTS_DIR;
		};
		6E8C45792429EAA800BC9276 /* ChartsTests.xctest */ = {
			isa = PBXReferenceProxy;
			fileType = wrapper.cfbundle;
			path = ChartsTests.xctest;
			remoteRef = 6E8C45782429EAA800BC9276 /* PBXContainerItemProxy */;
			sourceTree = BUILT_PRODUCTS_DIR;
		};
/* End PBXReferenceProxy section */

/* Begin PBXResourcesBuildPhase section */
		FD8CC98523B1D74E001CDBD1 /* Resources */ = {
			isa = PBXResourcesBuildPhase;
			buildActionMask = 2147483647;
			files = (
				6E8C457D242A142900BC9276 /* www in Resources */,
				FD8CC99723B1D763001CDBD1 /* LaunchScreen.storyboard in Resources */,
				FD8CC99423B1D763001CDBD1 /* Preview Assets.xcassets in Resources */,
				FD8CC99123B1D763001CDBD1 /* Assets.xcassets in Resources */,
			);
			runOnlyForDeploymentPostprocessing = 0;
		};
		FD8CC99B23B1D765001CDBD1 /* Resources */ = {
			isa = PBXResourcesBuildPhase;
			buildActionMask = 2147483647;
			files = (
			);
			runOnlyForDeploymentPostprocessing = 0;
		};
		FD8CC9A623B1D765001CDBD1 /* Resources */ = {
			isa = PBXResourcesBuildPhase;
			buildActionMask = 2147483647;
			files = (
			);
			runOnlyForDeploymentPostprocessing = 0;
		};
/* End PBXResourcesBuildPhase section */

/* Begin PBXSourcesBuildPhase section */
		FD8CC98323B1D74E001CDBD1 /* Sources */ = {
			isa = PBXSourcesBuildPhase;
			buildActionMask = 2147483647;
			files = (
				FD9362ED23B4D42700C1A9CB /* LoginResponseModels.swift in Sources */,
				6EA2F9F12445193A00340EB0 /* PayHistView.swift in Sources */,
				FCEDE83B24288EF10034B3CB /* BillingViewModel.swift in Sources */,
				FC4D2871242343A3005564C9 /* MainScreenViewModel.swift in Sources */,
				FD1C34CC23B9CB0E003BFBFF /* DefaultApiResponse.swift in Sources */,
				FCEDE83924287A810034B3CB /* BillingModels.swift in Sources */,
				FD1C34C923B9CA05003BFBFF /* ContactView.swift in Sources */,
				FD9362E323B4D42700C1A9CB /* SplashAndLoginContainer.swift in Sources */,
				6EA2F9EF2444B9D200340EB0 /* InvoiceDetailView.swift in Sources */,
				FD9362E823B4D42700C1A9CB /* ColorValues.swift in Sources */,
				6E2B71E6244E8DDC00C79A0E /* MailView.swift in Sources */,
				6E56299824746927004E78D3 /* PGWView.swift in Sources */,
				6E0DEDE8244B8A6E00E2639F /* FosterWebView.swift in Sources */,
				6EA2F9E92444B83400340EB0 /* InvoiceView.swift in Sources */,
				FD9362EF23B4D45600C1A9CB /* NetworkApiService.swift in Sources */,
				FDB3BA4D23B8AF7B007B1552 /* Dashboard.swift in Sources */,
				FD1C34C823B9CA05003BFBFF /* PrivacyView.swift in Sources */,
				6E0DEDEC244B8B6500E2639F /* FosterWebViewModal.swift in Sources */,
				FDB3BA5123B8B14C007B1552 /* Billing.swift in Sources */,
				FD47C11723BB38B000C68793 /* MoreMenuViewModel.swift in Sources */,
				FD8CC98B23B1D74E001CDBD1 /* AppDelegate.swift in Sources */,
				FD9362E423B4D42700C1A9CB /* SplashScreen.swift in Sources */,
				6E308B8624725C6900484208 /* PGWViewModel.swift in Sources */,
				FD9362E523B4D42700C1A9CB /* SpinLoaderView.swift in Sources */,
				6E186D5C243E747200AEA4F1 /* SupportTicketDetail.swift in Sources */,
				FD1C34CA23B9CA05003BFBFF /* FaqsView.swift in Sources */,
				6E0DEDE4244B832800E2639F /* BKashWebView.swift in Sources */,
				FD7E6C2623B220CC00BF5FB0 /* MainContainerView.swift in Sources */,
				6EDA0079244A0294006BC870 /* Extensions.swift in Sources */,
				FD8CC98D23B1D74E001CDBD1 /* SceneDelegate.swift in Sources */,
				6E51D92724417ACD00C09D9F /* SupportTicketEntry.swift in Sources */,
				6E10E2CE243662130082F4C8 /* UITestView.swift in Sources */,
				FDB3BA5523B8B2AA007B1552 /* MoreMenu.swift in Sources */,
				FD9362EB23B4D42700C1A9CB /* MainScreen.swift in Sources */,
				FDB3BA5323B8B162007B1552 /* Support.swift in Sources */,
				6E10E2C82433B6B60082F4C8 /* ProfileModels.swift in Sources */,
				6EE687902437DF2E00E7310C /* PackServiceRowView.swift in Sources */,
				6E56299224745D8F004E78D3 /* BkashPGW.swift in Sources */,
				FD9362E223B4D42700C1A9CB /* LoginViewModel.swift in Sources */,
				FD7E6C2823B2210700BF5FB0 /* UserData.swift in Sources */,
				6E67D1BC243E39AD000B11FB /* SupportTicketRow.swift in Sources */,
				6E67D1B8243E1C83000B11FB /* SupportModels.swift in Sources */,
				6E56299624746540004E78D3 /* FosterPGW.swift in Sources */,
				6E10E2C22433270C0082F4C8 /* SupportViewModel.swift in Sources */,
				6EDA00752447DFF5006BC870 /* AnyGestureRecognizer.swift in Sources */,
				FC4D286F24234013005564C9 /* DashboardModels.swift in Sources */,
				6EE687922437DFDA00E7310C /* PackageChangeView.swift in Sources */,
				FC4D28732423441A005564C9 /* MainScreenModels.swift in Sources */,
				6E0DEDE0244B359300E2639F /* Utils.swift in Sources */,
				6E10E2CC2433B8320082F4C8 /* ProfileViewModel.swift in Sources */,
				6E0DEDE6244B89D400E2639F /* BKashWebViewModal.swift in Sources */,
				FC4D286D242335AB005564C9 /* DashboardViewModel.swift in Sources */,
				FDB3BA4F23B8AFB7007B1552 /* Profile.swift in Sources */,
				FD9362E723B4D42700C1A9CB /* LoginScreen.swift in Sources */,
			);
			runOnlyForDeploymentPostprocessing = 0;
		};
		FD8CC99923B1D765001CDBD1 /* Sources */ = {
			isa = PBXSourcesBuildPhase;
			buildActionMask = 2147483647;
			files = (
				FD8CC9A223B1D765001CDBD1 /* PacENeT_iOSTests.swift in Sources */,
			);
			runOnlyForDeploymentPostprocessing = 0;
		};
		FD8CC9A423B1D765001CDBD1 /* Sources */ = {
			isa = PBXSourcesBuildPhase;
			buildActionMask = 2147483647;
			files = (
				FD8CC9AD23B1D765001CDBD1 /* PacENeT_iOSUITests.swift in Sources */,
			);
			runOnlyForDeploymentPostprocessing = 0;
		};
/* End PBXSourcesBuildPhase section */

/* Begin PBXTargetDependency section */
		FD8CC99F23B1D765001CDBD1 /* PBXTargetDependency */ = {
			isa = PBXTargetDependency;
			target = FD8CC98623B1D74E001CDBD1 /* PacENeT iOS */;
			targetProxy = FD8CC99E23B1D765001CDBD1 /* PBXContainerItemProxy */;
		};
		FD8CC9AA23B1D765001CDBD1 /* PBXTargetDependency */ = {
			isa = PBXTargetDependency;
			target = FD8CC98623B1D74E001CDBD1 /* PacENeT iOS */;
			targetProxy = FD8CC9A923B1D765001CDBD1 /* PBXContainerItemProxy */;
		};
/* End PBXTargetDependency section */

/* Begin PBXVariantGroup section */
		FD8CC99523B1D763001CDBD1 /* LaunchScreen.storyboard */ = {
			isa = PBXVariantGroup;
			children = (
				FD8CC99623B1D763001CDBD1 /* Base */,
			);
			name = LaunchScreen.storyboard;
			sourceTree = "<group>";
		};
/* End PBXVariantGroup section */

/* Begin XCBuildConfiguration section */
		FD8CC9AF23B1D765001CDBD1 /* Debug */ = {
			isa = XCBuildConfiguration;
			buildSettings = {
				ALWAYS_SEARCH_USER_PATHS = NO;
				CLANG_ANALYZER_NONNULL = YES;
				CLANG_ANALYZER_NUMBER_OBJECT_CONVERSION = YES_AGGRESSIVE;
				CLANG_CXX_LANGUAGE_STANDARD = "gnu++14";
				CLANG_CXX_LIBRARY = "libc++";
				CLANG_ENABLE_MODULES = YES;
				CLANG_ENABLE_OBJC_ARC = YES;
				CLANG_ENABLE_OBJC_WEAK = YES;
				CLANG_WARN_BLOCK_CAPTURE_AUTORELEASING = YES;
				CLANG_WARN_BOOL_CONVERSION = YES;
				CLANG_WARN_COMMA = YES;
				CLANG_WARN_CONSTANT_CONVERSION = YES;
				CLANG_WARN_DEPRECATED_OBJC_IMPLEMENTATIONS = YES;
				CLANG_WARN_DIRECT_OBJC_ISA_USAGE = YES_ERROR;
				CLANG_WARN_DOCUMENTATION_COMMENTS = YES;
				CLANG_WARN_EMPTY_BODY = YES;
				CLANG_WARN_ENUM_CONVERSION = YES;
				CLANG_WARN_INFINITE_RECURSION = YES;
				CLANG_WARN_INT_CONVERSION = YES;
				CLANG_WARN_NON_LITERAL_NULL_CONVERSION = YES;
				CLANG_WARN_OBJC_IMPLICIT_RETAIN_SELF = YES;
				CLANG_WARN_OBJC_LITERAL_CONVERSION = YES;
				CLANG_WARN_OBJC_ROOT_CLASS = YES_ERROR;
				CLANG_WARN_RANGE_LOOP_ANALYSIS = YES;
				CLANG_WARN_STRICT_PROTOTYPES = YES;
				CLANG_WARN_SUSPICIOUS_MOVE = YES;
				CLANG_WARN_UNGUARDED_AVAILABILITY = YES_AGGRESSIVE;
				CLANG_WARN_UNREACHABLE_CODE = YES;
				CLANG_WARN__DUPLICATE_METHOD_MATCH = YES;
				COPY_PHASE_STRIP = NO;
				DEBUG_INFORMATION_FORMAT = dwarf;
				ENABLE_STRICT_OBJC_MSGSEND = YES;
				ENABLE_TESTABILITY = YES;
				GCC_C_LANGUAGE_STANDARD = gnu11;
				GCC_DYNAMIC_NO_PIC = NO;
				GCC_NO_COMMON_BLOCKS = YES;
				GCC_OPTIMIZATION_LEVEL = 0;
				GCC_PREPROCESSOR_DEFINITIONS = (
					"DEBUG=1",
					"$(inherited)",
				);
				GCC_WARN_64_TO_32_BIT_CONVERSION = YES;
				GCC_WARN_ABOUT_RETURN_TYPE = YES_ERROR;
				GCC_WARN_UNDECLARED_SELECTOR = YES;
				GCC_WARN_UNINITIALIZED_AUTOS = YES_AGGRESSIVE;
				GCC_WARN_UNUSED_FUNCTION = YES;
				GCC_WARN_UNUSED_VARIABLE = YES;
				IPHONEOS_DEPLOYMENT_TARGET = 13.2;
				MTL_ENABLE_DEBUG_INFO = INCLUDE_SOURCE;
				MTL_FAST_MATH = YES;
				ONLY_ACTIVE_ARCH = YES;
				SDKROOT = iphoneos;
				SWIFT_ACTIVE_COMPILATION_CONDITIONS = DEBUG;
				SWIFT_OPTIMIZATION_LEVEL = "-Onone";
			};
			name = Debug;
		};
		FD8CC9B023B1D765001CDBD1 /* Release */ = {
			isa = XCBuildConfiguration;
			buildSettings = {
				ALWAYS_SEARCH_USER_PATHS = NO;
				CLANG_ANALYZER_NONNULL = YES;
				CLANG_ANALYZER_NUMBER_OBJECT_CONVERSION = YES_AGGRESSIVE;
				CLANG_CXX_LANGUAGE_STANDARD = "gnu++14";
				CLANG_CXX_LIBRARY = "libc++";
				CLANG_ENABLE_MODULES = YES;
				CLANG_ENABLE_OBJC_ARC = YES;
				CLANG_ENABLE_OBJC_WEAK = YES;
				CLANG_WARN_BLOCK_CAPTURE_AUTORELEASING = YES;
				CLANG_WARN_BOOL_CONVERSION = YES;
				CLANG_WARN_COMMA = YES;
				CLANG_WARN_CONSTANT_CONVERSION = YES;
				CLANG_WARN_DEPRECATED_OBJC_IMPLEMENTATIONS = YES;
				CLANG_WARN_DIRECT_OBJC_ISA_USAGE = YES_ERROR;
				CLANG_WARN_DOCUMENTATION_COMMENTS = YES;
				CLANG_WARN_EMPTY_BODY = YES;
				CLANG_WARN_ENUM_CONVERSION = YES;
				CLANG_WARN_INFINITE_RECURSION = YES;
				CLANG_WARN_INT_CONVERSION = YES;
				CLANG_WARN_NON_LITERAL_NULL_CONVERSION = YES;
				CLANG_WARN_OBJC_IMPLICIT_RETAIN_SELF = YES;
				CLANG_WARN_OBJC_LITERAL_CONVERSION = YES;
				CLANG_WARN_OBJC_ROOT_CLASS = YES_ERROR;
				CLANG_WARN_RANGE_LOOP_ANALYSIS = YES;
				CLANG_WARN_STRICT_PROTOTYPES = YES;
				CLANG_WARN_SUSPICIOUS_MOVE = YES;
				CLANG_WARN_UNGUARDED_AVAILABILITY = YES_AGGRESSIVE;
				CLANG_WARN_UNREACHABLE_CODE = YES;
				CLANG_WARN__DUPLICATE_METHOD_MATCH = YES;
				COPY_PHASE_STRIP = NO;
				DEBUG_INFORMATION_FORMAT = "dwarf-with-dsym";
				ENABLE_NS_ASSERTIONS = NO;
				ENABLE_STRICT_OBJC_MSGSEND = YES;
				GCC_C_LANGUAGE_STANDARD = gnu11;
				GCC_NO_COMMON_BLOCKS = YES;
				GCC_WARN_64_TO_32_BIT_CONVERSION = YES;
				GCC_WARN_ABOUT_RETURN_TYPE = YES_ERROR;
				GCC_WARN_UNDECLARED_SELECTOR = YES;
				GCC_WARN_UNINITIALIZED_AUTOS = YES_AGGRESSIVE;
				GCC_WARN_UNUSED_FUNCTION = YES;
				GCC_WARN_UNUSED_VARIABLE = YES;
				IPHONEOS_DEPLOYMENT_TARGET = 13.2;
				MTL_ENABLE_DEBUG_INFO = NO;
				MTL_FAST_MATH = YES;
				SDKROOT = iphoneos;
				SWIFT_COMPILATION_MODE = wholemodule;
				SWIFT_OPTIMIZATION_LEVEL = "-O";
				VALIDATE_PRODUCT = YES;
			};
			name = Release;
		};
		FD8CC9B223B1D765001CDBD1 /* Debug */ = {
			isa = XCBuildConfiguration;
			buildSettings = {
				ALWAYS_EMBED_SWIFT_STANDARD_LIBRARIES = YES;
				ASSETCATALOG_COMPILER_APPICON_NAME = AppIcon;
				CODE_SIGN_IDENTITY = "Apple Development";
				CODE_SIGN_STYLE = Automatic;
				CURRENT_PROJECT_VERSION = 1.0.1;
				DEVELOPMENT_ASSET_PATHS = "\"PacENeT iOS/Preview Content\"";
				DEVELOPMENT_TEAM = 9D93WZA28F;
				EMBED_ASSET_PACKS_IN_PRODUCT_BUNDLE = YES;
				ENABLE_PREVIEWS = YES;
				INFOPLIST_FILE = "PacENeT iOS/Info.plist";
				IPHONEOS_DEPLOYMENT_TARGET = 13.0;
				LD_RUNPATH_SEARCH_PATHS = (
					"$(inherited)",
					"@executable_path/Frameworks",
				);
				MARKETING_VERSION = 1.0.1;
				PRODUCT_BUNDLE_IDENTIFIER = "ltd.royalgreen.PacENeT-iOS-April-2020";
				PRODUCT_NAME = PacENeT;
				PROVISIONING_PROFILE_SPECIFIER = "";
				SWIFT_VERSION = 5.0;
				TARGETED_DEVICE_FAMILY = "1,2";
			};
			name = Debug;
		};
		FD8CC9B323B1D765001CDBD1 /* Release */ = {
			isa = XCBuildConfiguration;
			buildSettings = {
				ALWAYS_EMBED_SWIFT_STANDARD_LIBRARIES = YES;
				ASSETCATALOG_COMPILER_APPICON_NAME = AppIcon;
				CODE_SIGN_IDENTITY = "Apple Development";
				CODE_SIGN_STYLE = Automatic;
				CURRENT_PROJECT_VERSION = 1.0.1;
				DEVELOPMENT_ASSET_PATHS = "\"PacENeT iOS/Preview Content\"";
				DEVELOPMENT_TEAM = 9D93WZA28F;
				EMBED_ASSET_PACKS_IN_PRODUCT_BUNDLE = YES;
				ENABLE_PREVIEWS = YES;
				INFOPLIST_FILE = "PacENeT iOS/Info.plist";
				IPHONEOS_DEPLOYMENT_TARGET = 13.0;
				LD_RUNPATH_SEARCH_PATHS = (
					"$(inherited)",
					"@executable_path/Frameworks",
				);
				MARKETING_VERSION = 1.0.1;
				MTL_ENABLE_DEBUG_INFO = NO;
				PRODUCT_BUNDLE_IDENTIFIER = "ltd.royalgreen.PacENeT-iOS-April-2020";
				PRODUCT_NAME = PacENeT;
				PROVISIONING_PROFILE_SPECIFIER = "";
				SWIFT_VERSION = 5.0;
				TARGETED_DEVICE_FAMILY = "1,2";
			};
			name = Release;
		};
		FD8CC9B523B1D765001CDBD1 /* Debug */ = {
			isa = XCBuildConfiguration;
			buildSettings = {
				ALWAYS_EMBED_SWIFT_STANDARD_LIBRARIES = YES;
				BUNDLE_LOADER = "$(TEST_HOST)";
				CODE_SIGN_STYLE = Automatic;
				DEVELOPMENT_TEAM = 9D93WZA28F;
				INFOPLIST_FILE = "PacENeT iOSTests/Info.plist";
				IPHONEOS_DEPLOYMENT_TARGET = 13.2;
				LD_RUNPATH_SEARCH_PATHS = (
					"$(inherited)",
					"@executable_path/Frameworks",
					"@loader_path/Frameworks",
				);
				PRODUCT_BUNDLE_IDENTIFIER = "ltd.royalgreen.PacENeT-iOSTests";
				PRODUCT_NAME = "$(TARGET_NAME)";
				SWIFT_VERSION = 5.0;
				TARGETED_DEVICE_FAMILY = "1,2";
				TEST_HOST = "$(BUILT_PRODUCTS_DIR)/PacENeT iOS.app/PacENeT iOS";
			};
			name = Debug;
		};
		FD8CC9B623B1D765001CDBD1 /* Release */ = {
			isa = XCBuildConfiguration;
			buildSettings = {
				ALWAYS_EMBED_SWIFT_STANDARD_LIBRARIES = YES;
				BUNDLE_LOADER = "$(TEST_HOST)";
				CODE_SIGN_STYLE = Automatic;
				DEVELOPMENT_TEAM = 9D93WZA28F;
				INFOPLIST_FILE = "PacENeT iOSTests/Info.plist";
				IPHONEOS_DEPLOYMENT_TARGET = 13.2;
				LD_RUNPATH_SEARCH_PATHS = (
					"$(inherited)",
					"@executable_path/Frameworks",
					"@loader_path/Frameworks",
				);
				PRODUCT_BUNDLE_IDENTIFIER = "ltd.royalgreen.PacENeT-iOSTests";
				PRODUCT_NAME = "$(TARGET_NAME)";
				SWIFT_VERSION = 5.0;
				TARGETED_DEVICE_FAMILY = "1,2";
				TEST_HOST = "$(BUILT_PRODUCTS_DIR)/PacENeT iOS.app/PacENeT iOS";
			};
			name = Release;
		};
		FD8CC9B823B1D765001CDBD1 /* Debug */ = {
			isa = XCBuildConfiguration;
			buildSettings = {
				ALWAYS_EMBED_SWIFT_STANDARD_LIBRARIES = YES;
				CODE_SIGN_STYLE = Automatic;
				DEVELOPMENT_TEAM = 9D93WZA28F;
				INFOPLIST_FILE = "PacENeT iOSUITests/Info.plist";
				LD_RUNPATH_SEARCH_PATHS = (
					"$(inherited)",
					"@executable_path/Frameworks",
					"@loader_path/Frameworks",
				);
				PRODUCT_BUNDLE_IDENTIFIER = "ltd.royalgreen.PacENeT-iOSUITests";
				PRODUCT_NAME = "$(TARGET_NAME)";
				SWIFT_VERSION = 5.0;
				TARGETED_DEVICE_FAMILY = "1,2";
				TEST_TARGET_NAME = "PacENeT iOS";
			};
			name = Debug;
		};
		FD8CC9B923B1D765001CDBD1 /* Release */ = {
			isa = XCBuildConfiguration;
			buildSettings = {
				ALWAYS_EMBED_SWIFT_STANDARD_LIBRARIES = YES;
				CODE_SIGN_STYLE = Automatic;
				DEVELOPMENT_TEAM = 9D93WZA28F;
				INFOPLIST_FILE = "PacENeT iOSUITests/Info.plist";
				LD_RUNPATH_SEARCH_PATHS = (
					"$(inherited)",
					"@executable_path/Frameworks",
					"@loader_path/Frameworks",
				);
				PRODUCT_BUNDLE_IDENTIFIER = "ltd.royalgreen.PacENeT-iOSUITests";
				PRODUCT_NAME = "$(TARGET_NAME)";
				SWIFT_VERSION = 5.0;
				TARGETED_DEVICE_FAMILY = "1,2";
				TEST_TARGET_NAME = "PacENeT iOS";
			};
			name = Release;
		};
/* End XCBuildConfiguration section */

/* Begin XCConfigurationList section */
		FD8CC98223B1D74E001CDBD1 /* Build configuration list for PBXProject "PacENeT iOS" */ = {
			isa = XCConfigurationList;
			buildConfigurations = (
				FD8CC9AF23B1D765001CDBD1 /* Debug */,
				FD8CC9B023B1D765001CDBD1 /* Release */,
			);
			defaultConfigurationIsVisible = 0;
			defaultConfigurationName = Release;
		};
		FD8CC9B123B1D765001CDBD1 /* Build configuration list for PBXNativeTarget "PacENeT iOS" */ = {
			isa = XCConfigurationList;
			buildConfigurations = (
				FD8CC9B223B1D765001CDBD1 /* Debug */,
				FD8CC9B323B1D765001CDBD1 /* Release */,
			);
			defaultConfigurationIsVisible = 0;
			defaultConfigurationName = Release;
		};
		FD8CC9B423B1D765001CDBD1 /* Build configuration list for PBXNativeTarget "PacENeT iOSTests" */ = {
			isa = XCConfigurationList;
			buildConfigurations = (
				FD8CC9B523B1D765001CDBD1 /* Debug */,
				FD8CC9B623B1D765001CDBD1 /* Release */,
			);
			defaultConfigurationIsVisible = 0;
			defaultConfigurationName = Release;
		};
		FD8CC9B723B1D765001CDBD1 /* Build configuration list for PBXNativeTarget "PacENeT iOSUITests" */ = {
			isa = XCConfigurationList;
			buildConfigurations = (
				FD8CC9B823B1D765001CDBD1 /* Debug */,
				FD8CC9B923B1D765001CDBD1 /* Release */,
			);
			defaultConfigurationIsVisible = 0;
			defaultConfigurationName = Release;
		};
/* End XCConfigurationList section */
	};
	rootObject = FD8CC97F23B1D74E001CDBD1 /* Project object */;
}
